{
  "requires": true,
  "lockfileVersion": 1,
  "dependencies": {
    "geolocation-utils": {
      "version": "1.2.3",
      "resolved": "https://registry.npmjs.org/geolocation-utils/-/geolocation-utils-1.2.3.tgz",
      "integrity": "sha512-8cLdtFe2cd3CJn7KJQqiJDdZlkqYgypzytxpIS+h5y/xPnvYrK+XmxW/qvuUMBb/QhZcuMdmvJi9iHbTqtQpUw==",
      "requires": {
        "point-in-polygon": "1.0.1"
      }
    },
    "point-in-polygon": {
      "version": "1.0.1",
      "resolved": "https://registry.npmjs.org/point-in-polygon/-/point-in-polygon-1.0.1.tgz",
      "integrity": "sha1-1Ztk6P7kHElFiqyCtWcYxZV7Kvc="
    }
  }
}
